
Microsoft Visual Studio Solution File, Format Version 12.00
# Visual Studio Version 17
VisualStudioVersion = 17.14.36109.1
MinimumVisualStudioVersion = 10.0.40219.1
Project("{FAE04EC0-301F-11D3-BF4B-00C04F79EFBC}") = "RigelAI.Core", "RigelAI.Core\RigelAI.Core.csproj", "{55931F18-FC93-495F-A2C9-16A5C47E83BE}"
EndProject
Project("{FAE04EC0-301F-11D3-BF4B-00C04F79EFBC}") = "RigelAI.ConsoleApp", "RigelAI.ConsoleApp\RigelAI.ConsoleApp.csproj", "{66070483-21C8-4415-ABF3-75D875D18DA0}"
EndProject
Project("{FAE04EC0-301F-11D3-BF4B-00C04F79EFBC}") = "RigelAI.Tests", "RigelAI.Tests\RigelAI.Tests.csproj", "{520F2C7A-5111-44D1-9287-B0CB5DA4AE6A}"
EndProject
Project("{FAE04EC0-301F-11D3-BF4B-00C04F79EFBC}") = "RigelAI.TelegramBot", "RigelAI.TelegramBot\RigelAI.TelegramBot.csproj", "{DA0D83A8-1327-4440-85F0-D073EBC1624F}"
EndProject
Project("{2150E333-8FDC-42A3-9474-1A3956D46DE8}") = "Solution Items", "Solution Items", "{8EC462FD-D22E-90A8-E5CE-7E832BA40C5D}"
	ProjectSection(SolutionItems) = preProject
		README.md = README.md
	EndProjectSection
EndProject
Global
	GlobalSection(SolutionConfigurationPlatforms) = preSolution
		Debug|Any CPU = Debug|Any CPU
		Release|Any CPU = Release|Any CPU
	EndGlobalSection
	GlobalSection(ProjectConfigurationPlatforms) = postSolution
		{55931F18-FC93-495F-A2C9-16A5C47E83BE}.Debug|Any CPU.ActiveCfg = Debug|Any CPU
		{55931F18-FC93-495F-A2C9-16A5C47E83BE}.Debug|Any CPU.Build.0 = Debug|Any CPU
		{55931F18-FC93-495F-A2C9-16A5C47E83BE}.Release|Any CPU.ActiveCfg = Release|Any CPU
		{55931F18-FC93-495F-A2C9-16A5C47E83BE}.Release|Any CPU.Build.0 = Release|Any CPU
		{66070483-21C8-4415-ABF3-75D875D18DA0}.Debug|Any CPU.ActiveCfg = Debug|Any CPU
		{66070483-21C8-4415-ABF3-75D875D18DA0}.Debug|Any CPU.Build.0 = Debug|Any CPU
		{66070483-21C8-4415-ABF3-75D875D18DA0}.Release|Any CPU.ActiveCfg = Release|Any CPU
		{66070483-21C8-4415-ABF3-75D875D18DA0}.Release|Any CPU.Build.0 = Release|Any CPU
		{520F2C7A-5111-44D1-9287-B0CB5DA4AE6A}.Debug|Any CPU.ActiveCfg = Debug|Any CPU
		{520F2C7A-5111-44D1-9287-B0CB5DA4AE6A}.Debug|Any CPU.Build.0 = Debug|Any CPU
		{520F2C7A-5111-44D1-9287-B0CB5DA4AE6A}.Release|Any CPU.ActiveCfg = Release|Any CPU
		{520F2C7A-5111-44D1-9287-B0CB5DA4AE6A}.Release|Any CPU.Build.0 = Release|Any CPU
		{DA0D83A8-1327-4440-85F0-D073EBC1624F}.Debug|Any CPU.ActiveCfg = Debug|Any CPU
		{DA0D83A8-1327-4440-85F0-D073EBC1624F}.Debug|Any CPU.Build.0 = Debug|Any CPU
		{DA0D83A8-1327-4440-85F0-D073EBC1624F}.Release|Any CPU.ActiveCfg = Release|Any CPU
		{DA0D83A8-1327-4440-85F0-D073EBC1624F}.Release|Any CPU.Build.0 = Release|Any CPU
	EndGlobalSection
	GlobalSection(SolutionProperties) = preSolution
		HideSolutionNode = FALSE
	EndGlobalSection
	GlobalSection(ExtensibilityGlobals) = postSolution
		SolutionGuid = {5F367EE0-2AAB-4060-A7C3-223A93162CD7}
	EndGlobalSection
EndGlobal
